
Microsoft Visual Studio Solution File, Format Version 12.00
# Visual Studio 15
VisualStudioVersion = 15.0.28307.106
MinimumVisualStudioVersion = 10.0.40219.1
Project("{FAE04EC0-301F-11D3-BF4B-00C04F79EFBC}") = "CrallyClient", "CrallyClient\CrallyClient.csproj", "{CE189432-5EEC-43DB-9FBB-74ECE30BD7F8}"
EndProject
Global
	GlobalSection(SolutionConfigurationPlatforms) = preSolution
		Debug|Any CPU = Debug|Any CPU
		Release|Any CPU = Release|Any CPU
	EndGlobalSection
	GlobalSection(ProjectConfigurationPlatforms) = postSolution
		{CE189432-5EEC-43DB-9FBB-74ECE30BD7F8}.Debug|Any CPU.ActiveCfg = Debug|Any CPU
		{CE189432-5EEC-43DB-9FBB-74ECE30BD7F8}.Debug|Any CPU.Build.0 = Debug|Any CPU
		{CE189432-5EEC-43DB-9FBB-74ECE30BD7F8}.Release|Any CPU.ActiveCfg = Release|Any CPU
		{CE189432-5EEC-43DB-9FBB-74ECE30BD7F8}.Release|Any CPU.Build.0 = Release|Any CPU
	EndGlobalSection
	GlobalSection(SolutionProperties) = preSolution
		HideSolutionNode = FALSE
	EndGlobalSection
	GlobalSection(ExtensibilityGlobals) = postSolution
		SolutionGuid = {5994F6BB-8B77-4636-8D46-3315EE0DB177}
	EndGlobalSection
EndGlobal
